
Microsoft Visual Studio Solution File, Format Version 12.00
# Visual Studio Version 17
VisualStudioVersion = 17.9.34728.123
MinimumVisualStudioVersion = 10.0.40219.1
Project("{FAE04EC0-301F-11D3-BF4B-00C04F79EFBC}") = "HRMS.Server", "HRMS.Server\HRMS.Server.csproj", "{BA318D5F-48DB-4017-AA1A-35053108B17A}"
EndProject
Project("{54A90642-561A-4BB1-A94E-469ADEE60C69}") = "hrms.client", "hrms.client\hrms.client.esproj", "{5A6AE9EB-2354-4F76-90B1-563E3CF584AF}"
EndProject
Global
	GlobalSection(SolutionConfigurationPlatforms) = preSolution
		Debug|Any CPU = Debug|Any CPU
		Release|Any CPU = Release|Any CPU
	EndGlobalSection
	GlobalSection(ProjectConfigurationPlatforms) = postSolution
		{BA318D5F-48DB-4017-AA1A-35053108B17A}.Debug|Any CPU.ActiveCfg = Debug|Any CPU
		{BA318D5F-48DB-4017-AA1A-35053108B17A}.Debug|Any CPU.Build.0 = Debug|Any CPU
		{BA318D5F-48DB-4017-AA1A-35053108B17A}.Release|Any CPU.ActiveCfg = Release|Any CPU
		{BA318D5F-48DB-4017-AA1A-35053108B17A}.Release|Any CPU.Build.0 = Release|Any CPU
		{5A6AE9EB-2354-4F76-90B1-563E3CF584AF}.Debug|Any CPU.ActiveCfg = Debug|Any CPU
		{5A6AE9EB-2354-4F76-90B1-563E3CF584AF}.Debug|Any CPU.Build.0 = Debug|Any CPU
		{5A6AE9EB-2354-4F76-90B1-563E3CF584AF}.Debug|Any CPU.Deploy.0 = Debug|Any CPU
		{5A6AE9EB-2354-4F76-90B1-563E3CF584AF}.Release|Any CPU.ActiveCfg = Release|Any CPU
		{5A6AE9EB-2354-4F76-90B1-563E3CF584AF}.Release|Any CPU.Build.0 = Release|Any CPU
		{5A6AE9EB-2354-4F76-90B1-563E3CF584AF}.Release|Any CPU.Deploy.0 = Release|Any CPU
	EndGlobalSection
	GlobalSection(SolutionProperties) = preSolution
		HideSolutionNode = FALSE
	EndGlobalSection
	GlobalSection(ExtensibilityGlobals) = postSolution
		SolutionGuid = {0517263E-699B-4CAC-9AE4-9D43CFD6120E}
	EndGlobalSection
EndGlobal
